
Microsoft Visual Studio Solution File, Format Version 11.00
# Visual Studio 2010
Project("{FAE04EC0-301F-11D3-BF4B-00C04F79EFBC}") = "TestDragDrop", "TestDragDrop\TestDragDrop.csproj", "{E71E0921-0488-4604-B0D2-963FFF9E5024}"
EndProject
Global
	GlobalSection(SolutionConfigurationPlatforms) = preSolution
		Debug|x86 = Debug|x86
		Release|x86 = Release|x86
	EndGlobalSection
	GlobalSection(ProjectConfigurationPlatforms) = postSolution
		{E71E0921-0488-4604-B0D2-963FFF9E5024}.Debug|x86.ActiveCfg = Debug|x86
		{E71E0921-0488-4604-B0D2-963FFF9E5024}.Debug|x86.Build.0 = Debug|x86
		{E71E0921-0488-4604-B0D2-963FFF9E5024}.Release|x86.ActiveCfg = Release|x86
		{E71E0921-0488-4604-B0D2-963FFF9E5024}.Release|x86.Build.0 = Release|x86
	EndGlobalSection
	GlobalSection(SolutionProperties) = preSolution
		HideSolutionNode = FALSE
	EndGlobalSection
EndGlobal
