
Microsoft Visual Studio Solution File, Format Version 9.00
# Visual Studio 2005
Project("{FAE04EC0-301F-11D3-BF4B-00C04F79EFBC}") = "TestApp", "TestApp\TestApp.csproj", "{370CEFCD-C5C9-4D66-B840-67A5A1C8B48A}"
EndProject
Project("{FAE04EC0-301F-11D3-BF4B-00C04F79EFBC}") = "Model", "Model\Model.csproj", "{D91574F7-0CB2-41A1-A5B1-D5B52691AA74}"
EndProject
Project("{FAE04EC0-301F-11D3-BF4B-00C04F79EFBC}") = "Codes", "Codes\Codes.csproj", "{BAF2E9CC-AA7A-44D4-A95E-35E28AD2D0F8}"
EndProject
Global
	GlobalSection(SolutionConfigurationPlatforms) = preSolution
		Debug|Any CPU = Debug|Any CPU
		Release|Any CPU = Release|Any CPU
	EndGlobalSection
	GlobalSection(ProjectConfigurationPlatforms) = postSolution
		{370CEFCD-C5C9-4D66-B840-67A5A1C8B48A}.Debug|Any CPU.ActiveCfg = Debug|Any CPU
		{370CEFCD-C5C9-4D66-B840-67A5A1C8B48A}.Debug|Any CPU.Build.0 = Debug|Any CPU
		{370CEFCD-C5C9-4D66-B840-67A5A1C8B48A}.Release|Any CPU.ActiveCfg = Release|Any CPU
		{370CEFCD-C5C9-4D66-B840-67A5A1C8B48A}.Release|Any CPU.Build.0 = Release|Any CPU
		{D91574F7-0CB2-41A1-A5B1-D5B52691AA74}.Debug|Any CPU.ActiveCfg = Debug|Any CPU
		{D91574F7-0CB2-41A1-A5B1-D5B52691AA74}.Debug|Any CPU.Build.0 = Debug|Any CPU
		{D91574F7-0CB2-41A1-A5B1-D5B52691AA74}.Release|Any CPU.ActiveCfg = Release|Any CPU
		{D91574F7-0CB2-41A1-A5B1-D5B52691AA74}.Release|Any CPU.Build.0 = Release|Any CPU
		{BAF2E9CC-AA7A-44D4-A95E-35E28AD2D0F8}.Debug|Any CPU.ActiveCfg = Debug|Any CPU
		{BAF2E9CC-AA7A-44D4-A95E-35E28AD2D0F8}.Debug|Any CPU.Build.0 = Debug|Any CPU
		{BAF2E9CC-AA7A-44D4-A95E-35E28AD2D0F8}.Release|Any CPU.ActiveCfg = Release|Any CPU
		{BAF2E9CC-AA7A-44D4-A95E-35E28AD2D0F8}.Release|Any CPU.Build.0 = Release|Any CPU
	EndGlobalSection
	GlobalSection(SolutionProperties) = preSolution
		HideSolutionNode = FALSE
	EndGlobalSection
EndGlobal
